
Microsoft Visual Studio Solution File, Format Version 12.00
# Visual Studio Version 16
VisualStudioVersion = 16.0.28711.60
MinimumVisualStudioVersion = 10.0.40219.1
Project("{FAE04EC0-301F-11D3-BF4B-00C04F79EFBC}") = "WpfApp1", "WpfApp1\WpfApp1.csproj", "{B07B0FD1-CF2F-4BC9-812D-6F34F24DB007}"
EndProject
Global
	GlobalSection(SolutionConfigurationPlatforms) = preSolution
		Debug|Any CPU = Debug|Any CPU
		Release|Any CPU = Release|Any CPU
	EndGlobalSection
	GlobalSection(ProjectConfigurationPlatforms) = postSolution
		{B07B0FD1-CF2F-4BC9-812D-6F34F24DB007}.Debug|Any CPU.ActiveCfg = Debug|Any CPU
		{B07B0FD1-CF2F-4BC9-812D-6F34F24DB007}.Debug|Any CPU.Build.0 = Debug|Any CPU
		{B07B0FD1-CF2F-4BC9-812D-6F34F24DB007}.Release|Any CPU.ActiveCfg = Release|Any CPU
		{B07B0FD1-CF2F-4BC9-812D-6F34F24DB007}.Release|Any CPU.Build.0 = Release|Any CPU
	EndGlobalSection
	GlobalSection(SolutionProperties) = preSolution
		HideSolutionNode = FALSE
	EndGlobalSection
	GlobalSection(ExtensibilityGlobals) = postSolution
		SolutionGuid = {3D63FF05-D060-43B0-B318-38ACC755D3D2}
	EndGlobalSection
EndGlobal
